
Microsoft Visual Studio Solution File, Format Version 12.00
# Visual Studio 2013
VisualStudioVersion = 12.0.21005.1
MinimumVisualStudioVersion = 10.0.40219.1
Project("{8BC9CEB8-8B4A-11D0-8D11-00A0C91BC942}") = "void print_int_bits_odd_even", "void print_int_bits_odd_even\void print_int_bits_odd_even.vcxproj", "{3F61AE6B-D490-4E62-82F5-B71AD9950836}"
EndProject
Global
	GlobalSection(SolutionConfigurationPlatforms) = preSolution
		Debug|Win32 = Debug|Win32
		Release|Win32 = Release|Win32
	EndGlobalSection
	GlobalSection(ProjectConfigurationPlatforms) = postSolution
		{3F61AE6B-D490-4E62-82F5-B71AD9950836}.Debug|Win32.ActiveCfg = Debug|Win32
		{3F61AE6B-D490-4E62-82F5-B71AD9950836}.Debug|Win32.Build.0 = Debug|Win32
		{3F61AE6B-D490-4E62-82F5-B71AD9950836}.Release|Win32.ActiveCfg = Release|Win32
		{3F61AE6B-D490-4E62-82F5-B71AD9950836}.Release|Win32.Build.0 = Release|Win32
	EndGlobalSection
	GlobalSection(SolutionProperties) = preSolution
		HideSolutionNode = FALSE
	EndGlobalSection
EndGlobal
